// !$*UTF8*$!
{
	archiveVersion = 1;
	classes = {
	};
	objectVersion = 56;
	objects = {

/* Begin PBXBuildFile section */
		C5232AED2AF40CFA0065FD62 /* UIView+setCardShadow.swift in Sources */ = {isa = PBXBuildFile; fileRef = C5232AEC2AF40CFA0065FD62 /* UIView+setCardShadow.swift */; };
		C5232AEF2AF40D600065FD62 /* UIColor+appBackground.swift in Sources */ = {isa = PBXBuildFile; fileRef = C5232AEE2AF40D600065FD62 /* UIColor+appBackground.swift */; };
		C5232AF12AF40DB70065FD62 /* HomeView.swift in Sources */ = {isa = PBXBuildFile; fileRef = C5232AF02AF40DB70065FD62 /* HomeView.swift */; };
		C5232AF72AF412B30065FD62 /* HomeViewController.swift in Sources */ = {isa = PBXBuildFile; fileRef = C5232AF62AF412B30065FD62 /* HomeViewController.swift */; };
		C5232AF92AF4140F0065FD62 /* HomeViewModel.swift in Sources */ = {isa = PBXBuildFile; fileRef = C5232AF82AF4140F0065FD62 /* HomeViewModel.swift */; };
		C5232AFD2AF418310065FD62 /* Stories.swift in Sources */ = {isa = PBXBuildFile; fileRef = C5232AFC2AF418310065FD62 /* Stories.swift */; };
		C5232AFF2AF418340065FD62 /* Post.swift in Sources */ = {isa = PBXBuildFile; fileRef = C5232AFE2AF418340065FD62 /* Post.swift */; };
		C542D98F2AF515BB00C38A32 /* StoryCollectionViewCellScreen.swift in Sources */ = {isa = PBXBuildFile; fileRef = C542D98E2AF515BB00C38A32 /* StoryCollectionViewCellScreen.swift */; };
		C542D9912AF5160A00C38A32 /* StoryCollectionViewCell.swift in Sources */ = {isa = PBXBuildFile; fileRef = C542D9902AF5160A00C38A32 /* StoryCollectionViewCell.swift */; };
		C542D9942AF5164800C38A32 /* StoryCardCollectionViewCell.swift in Sources */ = {isa = PBXBuildFile; fileRef = C542D9932AF5164800C38A32 /* StoryCardCollectionViewCell.swift */; };
		C542D9982AF5169200C38A32 /* StoryCardCollectionViewCellScreen.swift in Sources */ = {isa = PBXBuildFile; fileRef = C542D9972AF5169200C38A32 /* StoryCardCollectionViewCellScreen.swift */; };
		C542D99A2AF516BF00C38A32 /* StoryCardViewModel.swift in Sources */ = {isa = PBXBuildFile; fileRef = C542D9992AF516BF00C38A32 /* StoryCardViewModel.swift */; };
		C5792F782AF80B56004381C0 /* PostCardCollectionViewCellScreen.swift in Sources */ = {isa = PBXBuildFile; fileRef = C5792F772AF80B56004381C0 /* PostCardCollectionViewCellScreen.swift */; };
		C5792F7A2AF80B7D004381C0 /* PostCardCollectionViewCell.swift in Sources */ = {isa = PBXBuildFile; fileRef = C5792F792AF80B7D004381C0 /* PostCardCollectionViewCell.swift */; };
		C5792F7C2AF80BB2004381C0 /* PostCardViewModel.swift in Sources */ = {isa = PBXBuildFile; fileRef = C5792F7B2AF80BB2004381C0 /* PostCardViewModel.swift */; };
		C5792F7F2AF80BFF004381C0 /* PosCollectionViewCellScreen.swift in Sources */ = {isa = PBXBuildFile; fileRef = C5792F7E2AF80BFF004381C0 /* PosCollectionViewCellScreen.swift */; };
		C5792F812AF80C31004381C0 /* PostCollectionViewCell.swift in Sources */ = {isa = PBXBuildFile; fileRef = C5792F802AF80C31004381C0 /* PostCollectionViewCell.swift */; };
		C5FB89B92AE2195D0055AD0E /* AppDelegate.swift in Sources */ = {isa = PBXBuildFile; fileRef = C5FB89B82AE2195D0055AD0E /* AppDelegate.swift */; };
		C5FB89BB2AE2195D0055AD0E /* SceneDelegate.swift in Sources */ = {isa = PBXBuildFile; fileRef = C5FB89BA2AE2195D0055AD0E /* SceneDelegate.swift */; };
		C5FB89C22AE2195E0055AD0E /* Assets.xcassets in Resources */ = {isa = PBXBuildFile; fileRef = C5FB89C12AE2195E0055AD0E /* Assets.xcassets */; };
		C5FB89C52AE2195E0055AD0E /* LaunchScreen.storyboard in Resources */ = {isa = PBXBuildFile; fileRef = C5FB89C32AE2195E0055AD0E /* LaunchScreen.storyboard */; };
/* End PBXBuildFile section */

/* Begin PBXFileReference section */
		C5232AEC2AF40CFA0065FD62 /* UIView+setCardShadow.swift */ = {isa = PBXFileReference; lastKnownFileType = sourcecode.swift; path = "UIView+setCardShadow.swift"; sourceTree = "<group>"; };
		C5232AEE2AF40D600065FD62 /* UIColor+appBackground.swift */ = {isa = PBXFileReference; lastKnownFileType = sourcecode.swift; path = "UIColor+appBackground.swift"; sourceTree = "<group>"; };
		C5232AF02AF40DB70065FD62 /* HomeView.swift */ = {isa = PBXFileReference; lastKnownFileType = sourcecode.swift; path = HomeView.swift; sourceTree = "<group>"; };
		C5232AF62AF412B30065FD62 /* HomeViewController.swift */ = {isa = PBXFileReference; lastKnownFileType = sourcecode.swift; path = HomeViewController.swift; sourceTree = "<group>"; };
		C5232AF82AF4140F0065FD62 /* HomeViewModel.swift */ = {isa = PBXFileReference; lastKnownFileType = sourcecode.swift; path = HomeViewModel.swift; sourceTree = "<group>"; };
		C5232AFC2AF418310065FD62 /* Stories.swift */ = {isa = PBXFileReference; lastKnownFileType = sourcecode.swift; path = Stories.swift; sourceTree = "<group>"; };
		C5232AFE2AF418340065FD62 /* Post.swift */ = {isa = PBXFileReference; lastKnownFileType = sourcecode.swift; path = Post.swift; sourceTree = "<group>"; };
		C542D98E2AF515BB00C38A32 /* StoryCollectionViewCellScreen.swift */ = {isa = PBXFileReference; lastKnownFileType = sourcecode.swift; path = StoryCollectionViewCellScreen.swift; sourceTree = "<group>"; };
		C542D9902AF5160A00C38A32 /* StoryCollectionViewCell.swift */ = {isa = PBXFileReference; lastKnownFileType = sourcecode.swift; path = StoryCollectionViewCell.swift; sourceTree = "<group>"; };
		C542D9932AF5164800C38A32 /* StoryCardCollectionViewCell.swift */ = {isa = PBXFileReference; lastKnownFileType = sourcecode.swift; path = StoryCardCollectionViewCell.swift; sourceTree = "<group>"; };
		C542D9972AF5169200C38A32 /* StoryCardCollectionViewCellScreen.swift */ = {isa = PBXFileReference; lastKnownFileType = sourcecode.swift; path = StoryCardCollectionViewCellScreen.swift; sourceTree = "<group>"; };
		C542D9992AF516BF00C38A32 /* StoryCardViewModel.swift */ = {isa = PBXFileReference; lastKnownFileType = sourcecode.swift; path = StoryCardViewModel.swift; sourceTree = "<group>"; };
		C5792F772AF80B56004381C0 /* PostCardCollectionViewCellScreen.swift */ = {isa = PBXFileReference; lastKnownFileType = sourcecode.swift; path = PostCardCollectionViewCellScreen.swift; sourceTree = "<group>"; };
		C5792F792AF80B7D004381C0 /* PostCardCollectionViewCell.swift */ = {isa = PBXFileReference; lastKnownFileType = sourcecode.swift; path = PostCardCollectionViewCell.swift; sourceTree = "<group>"; };
		C5792F7B2AF80BB2004381C0 /* PostCardViewModel.swift */ = {isa = PBXFileReference; lastKnownFileType = sourcecode.swift; path = PostCardViewModel.swift; sourceTree = "<group>"; };
		C5792F7E2AF80BFF004381C0 /* PosCollectionViewCellScreen.swift */ = {isa = PBXFileReference; lastKnownFileType = sourcecode.swift; path = PosCollectionViewCellScreen.swift; sourceTree = "<group>"; };
		C5792F802AF80C31004381C0 /* PostCollectionViewCell.swift */ = {isa = PBXFileReference; lastKnownFileType = sourcecode.swift; path = PostCollectionViewCell.swift; sourceTree = "<group>"; };
		C5FB89B52AE2195D0055AD0E /* Fakegram.app */ = {isa = PBXFileReference; explicitFileType = wrapper.application; includeInIndex = 0; path = Fakegram.app; sourceTree = BUILT_PRODUCTS_DIR; };
		C5FB89B82AE2195D0055AD0E /* AppDelegate.swift */ = {isa = PBXFileReference; lastKnownFileType = sourcecode.swift; path = AppDelegate.swift; sourceTree = "<group>"; };
		C5FB89BA2AE2195D0055AD0E /* SceneDelegate.swift */ = {isa = PBXFileReference; lastKnownFileType = sourcecode.swift; path = SceneDelegate.swift; sourceTree = "<group>"; };
		C5FB89C12AE2195E0055AD0E /* Assets.xcassets */ = {isa = PBXFileReference; lastKnownFileType = folder.assetcatalog; path = Assets.xcassets; sourceTree = "<group>"; };
		C5FB89C42AE2195E0055AD0E /* Base */ = {isa = PBXFileReference; lastKnownFileType = file.storyboard; name = Base; path = Base.lproj/LaunchScreen.storyboard; sourceTree = "<group>"; };
		C5FB89C62AE2195E0055AD0E /* Info.plist */ = {isa = PBXFileReference; lastKnownFileType = text.plist.xml; path = Info.plist; sourceTree = "<group>"; };
/* End PBXFileReference section */

/* Begin PBXFrameworksBuildPhase section */
		C5FB89B22AE2195D0055AD0E /* Frameworks */ = {
			isa = PBXFrameworksBuildPhase;
			buildActionMask = 2147483647;
			files = (
			);
			runOnlyForDeploymentPostprocessing = 0;
		};
/* End PBXFrameworksBuildPhase section */

/* Begin PBXGroup section */
		C5232AE72AF40C550065FD62 /* Home */ = {
			isa = PBXGroup;
			children = (
				C5232AE82AF40C590065FD62 /* Cell */,
				C5232AF02AF40DB70065FD62 /* HomeView.swift */,
				C5232AF62AF412B30065FD62 /* HomeViewController.swift */,
				C5232AF82AF4140F0065FD62 /* HomeViewModel.swift */,
			);
			path = Home;
			sourceTree = "<group>";
		};
		C5232AE82AF40C590065FD62 /* Cell */ = {
			isa = PBXGroup;
			children = (
				C5792F712AF80A06004381C0 /* Post */,
				C542D99B2AF5182E00C38A32 /* Story */,
			);
			path = Cell;
			sourceTree = "<group>";
		};
		C5232AEB2AF40C950065FD62 /* Extension */ = {
			isa = PBXGroup;
			children = (
				C5232AEC2AF40CFA0065FD62 /* UIView+setCardShadow.swift */,
				C5232AEE2AF40D600065FD62 /* UIColor+appBackground.swift */,
			);
			path = Extension;
			sourceTree = "<group>";
		};
		C5232AFB2AF418200065FD62 /* Model */ = {
			isa = PBXGroup;
			children = (
				C5232AFC2AF418310065FD62 /* Stories.swift */,
				C5232AFE2AF418340065FD62 /* Post.swift */,
			);
			path = Model;
			sourceTree = "<group>";
		};
		C542D98B2AF5159400C38A32 /* StoryCollectionViewCell */ = {
			isa = PBXGroup;
			children = (
				C542D98D2AF515A500C38A32 /* View */,
				C542D9902AF5160A00C38A32 /* StoryCollectionViewCell.swift */,
			);
			path = StoryCollectionViewCell;
			sourceTree = "<group>";
		};
		C542D98D2AF515A500C38A32 /* View */ = {
			isa = PBXGroup;
			children = (
				C542D98E2AF515BB00C38A32 /* StoryCollectionViewCellScreen.swift */,
			);
			path = View;
			sourceTree = "<group>";
		};
		C542D9922AF5162400C38A32 /* StoryCardCollectionViewCell */ = {
			isa = PBXGroup;
			children = (
				C542D9962AF5166800C38A32 /* ViewModel */,
				C542D9952AF5166300C38A32 /* Screen */,
				C542D9932AF5164800C38A32 /* StoryCardCollectionViewCell.swift */,
			);
			path = StoryCardCollectionViewCell;
			sourceTree = "<group>";
		};
		C542D9952AF5166300C38A32 /* Screen */ = {
			isa = PBXGroup;
			children = (
				C542D9972AF5169200C38A32 /* StoryCardCollectionViewCellScreen.swift */,
			);
			path = Screen;
			sourceTree = "<group>";
		};
		C542D9962AF5166800C38A32 /* ViewModel */ = {
			isa = PBXGroup;
			children = (
				C542D9992AF516BF00C38A32 /* StoryCardViewModel.swift */,
			);
			path = ViewModel;
			sourceTree = "<group>";
		};
		C542D99B2AF5182E00C38A32 /* Story */ = {
			isa = PBXGroup;
			children = (
				C542D9922AF5162400C38A32 /* StoryCardCollectionViewCell */,
				C542D98B2AF5159400C38A32 /* StoryCollectionViewCell */,
			);
			path = Story;
			sourceTree = "<group>";
		};
		C5792F712AF80A06004381C0 /* Post */ = {
			isa = PBXGroup;
			children = (
				C5792F732AF80B16004381C0 /* PostCardCollectionViewCell */,
				C5792F722AF80B0F004381C0 /* PostCollectionViewCell */,
			);
			path = Post;
			sourceTree = "<group>";
		};
		C5792F722AF80B0F004381C0 /* PostCollectionViewCell */ = {
			isa = PBXGroup;
			children = (
				C5792F7D2AF80BE2004381C0 /* Screen */,
				C5792F802AF80C31004381C0 /* PostCollectionViewCell.swift */,
			);
			path = PostCollectionViewCell;
			sourceTree = "<group>";
		};
		C5792F732AF80B16004381C0 /* PostCardCollectionViewCell */ = {
			isa = PBXGroup;
			children = (
				C5792F762AF80B2D004381C0 /* Screen */,
				C5792F742AF80B24004381C0 /* ViewModel */,
				C5792F792AF80B7D004381C0 /* PostCardCollectionViewCell.swift */,
			);
			path = PostCardCollectionViewCell;
			sourceTree = "<group>";
		};
		C5792F742AF80B24004381C0 /* ViewModel */ = {
			isa = PBXGroup;
			children = (
				C5792F7B2AF80BB2004381C0 /* PostCardViewModel.swift */,
			);
			path = ViewModel;
			sourceTree = "<group>";
		};
		C5792F762AF80B2D004381C0 /* Screen */ = {
			isa = PBXGroup;
			children = (
				C5792F772AF80B56004381C0 /* PostCardCollectionViewCellScreen.swift */,
			);
			path = Screen;
			sourceTree = "<group>";
		};
		C5792F7D2AF80BE2004381C0 /* Screen */ = {
			isa = PBXGroup;
			children = (
				C5792F7E2AF80BFF004381C0 /* PosCollectionViewCellScreen.swift */,
			);
			path = Screen;
			sourceTree = "<group>";
		};
		C5FB89AC2AE2195D0055AD0E = {
			isa = PBXGroup;
			children = (
				C5FB89B72AE2195D0055AD0E /* Fakegram */,
				C5FB89B62AE2195D0055AD0E /* Products */,
			);
			sourceTree = "<group>";
		};
		C5FB89B62AE2195D0055AD0E /* Products */ = {
			isa = PBXGroup;
			children = (
				C5FB89B52AE2195D0055AD0E /* Fakegram.app */,
			);
			name = Products;
			sourceTree = "<group>";
		};
		C5FB89B72AE2195D0055AD0E /* Fakegram */ = {
			isa = PBXGroup;
			children = (
				C5232AFB2AF418200065FD62 /* Model */,
				C5232AEB2AF40C950065FD62 /* Extension */,
				C5232AE72AF40C550065FD62 /* Home */,
				C5FB89B82AE2195D0055AD0E /* AppDelegate.swift */,
				C5FB89BA2AE2195D0055AD0E /* SceneDelegate.swift */,
				C5FB89C12AE2195E0055AD0E /* Assets.xcassets */,
				C5FB89C32AE2195E0055AD0E /* LaunchScreen.storyboard */,
				C5FB89C62AE2195E0055AD0E /* Info.plist */,
			);
			path = Fakegram;
			sourceTree = "<group>";
		};
/* End PBXGroup section */

/* Begin PBXNativeTarget section */
		C5FB89B42AE2195D0055AD0E /* Fakegram */ = {
			isa = PBXNativeTarget;
			buildConfigurationList = C5FB89C92AE2195E0055AD0E /* Build configuration list for PBXNativeTarget "Fakegram" */;
			buildPhases = (
				C5FB89B12AE2195D0055AD0E /* Sources */,
				C5FB89B22AE2195D0055AD0E /* Frameworks */,
				C5FB89B32AE2195D0055AD0E /* Resources */,
			);
			buildRules = (
			);
			dependencies = (
			);
			name = Fakegram;
			productName = Fakegram;
			productReference = C5FB89B52AE2195D0055AD0E /* Fakegram.app */;
			productType = "com.apple.product-type.application";
		};
/* End PBXNativeTarget section */

/* Begin PBXProject section */
		C5FB89AD2AE2195D0055AD0E /* Project object */ = {
			isa = PBXProject;
			attributes = {
				BuildIndependentTargetsInParallel = 1;
				LastSwiftUpdateCheck = 1500;
				LastUpgradeCheck = 1500;
				TargetAttributes = {
					C5FB89B42AE2195D0055AD0E = {
						CreatedOnToolsVersion = 15.0;
					};
				};
			};
			buildConfigurationList = C5FB89B02AE2195D0055AD0E /* Build configuration list for PBXProject "Fakegram" */;
			compatibilityVersion = "Xcode 14.0";
			developmentRegion = en;
			hasScannedForEncodings = 0;
			knownRegions = (
				en,
				Base,
			);
			mainGroup = C5FB89AC2AE2195D0055AD0E;
			productRefGroup = C5FB89B62AE2195D0055AD0E /* Products */;
			projectDirPath = "";
			projectRoot = "";
			targets = (
				C5FB89B42AE2195D0055AD0E /* Fakegram */,
			);
		};
/* End PBXProject section */

/* Begin PBXResourcesBuildPhase section */
		C5FB89B32AE2195D0055AD0E /* Resources */ = {
			isa = PBXResourcesBuildPhase;
			buildActionMask = 2147483647;
			files = (
				C5FB89C52AE2195E0055AD0E /* LaunchScreen.storyboard in Resources */,
				C5FB89C22AE2195E0055AD0E /* Assets.xcassets in Resources */,
			);
			runOnlyForDeploymentPostprocessing = 0;
		};
/* End PBXResourcesBuildPhase section */

/* Begin PBXSourcesBuildPhase section */
		C5FB89B12AE2195D0055AD0E /* Sources */ = {
			isa = PBXSourcesBuildPhase;
			buildActionMask = 2147483647;
			files = (
				C542D98F2AF515BB00C38A32 /* StoryCollectionViewCellScreen.swift in Sources */,
				C5232AEF2AF40D600065FD62 /* UIColor+appBackground.swift in Sources */,
				C542D9982AF5169200C38A32 /* StoryCardCollectionViewCellScreen.swift in Sources */,
				C542D9912AF5160A00C38A32 /* StoryCollectionViewCell.swift in Sources */,
				C5792F7A2AF80B7D004381C0 /* PostCardCollectionViewCell.swift in Sources */,
				C542D99A2AF516BF00C38A32 /* StoryCardViewModel.swift in Sources */,
				C5232AF92AF4140F0065FD62 /* HomeViewModel.swift in Sources */,
				C5232AFD2AF418310065FD62 /* Stories.swift in Sources */,
				C5792F7C2AF80BB2004381C0 /* PostCardViewModel.swift in Sources */,
				C5FB89B92AE2195D0055AD0E /* AppDelegate.swift in Sources */,
				C5792F782AF80B56004381C0 /* PostCardCollectionViewCellScreen.swift in Sources */,
				C542D9942AF5164800C38A32 /* StoryCardCollectionViewCell.swift in Sources */,
				C5232AF12AF40DB70065FD62 /* HomeView.swift in Sources */,
				C5792F7F2AF80BFF004381C0 /* PosCollectionViewCellScreen.swift in Sources */,
				C5792F812AF80C31004381C0 /* PostCollectionViewCell.swift in Sources */,
				C5232AFF2AF418340065FD62 /* Post.swift in Sources */,
				C5232AF72AF412B30065FD62 /* HomeViewController.swift in Sources */,
				C5232AED2AF40CFA0065FD62 /* UIView+setCardShadow.swift in Sources */,
				C5FB89BB2AE2195D0055AD0E /* SceneDelegate.swift in Sources */,
			);
			runOnlyForDeploymentPostprocessing = 0;
		};
/* End PBXSourcesBuildPhase section */

/* Begin PBXVariantGroup section */
		C5FB89C32AE2195E0055AD0E /* LaunchScreen.storyboard */ = {
			isa = PBXVariantGroup;
			children = (
				C5FB89C42AE2195E0055AD0E /* Base */,
			);
			name = LaunchScreen.storyboard;
			sourceTree = "<group>";
		};
/* End PBXVariantGroup section */

/* Begin XCBuildConfiguration section */
		C5FB89C72AE2195E0055AD0E /* Debug */ = {
			isa = XCBuildConfiguration;
			buildSettings = {
				ALWAYS_SEARCH_USER_PATHS = NO;
				ASSETCATALOG_COMPILER_GENERATE_SWIFT_ASSET_SYMBOL_EXTENSIONS = YES;
				CLANG_ANALYZER_NONNULL = YES;
				CLANG_ANALYZER_NUMBER_OBJECT_CONVERSION = YES_AGGRESSIVE;
				CLANG_CXX_LANGUAGE_STANDARD = "gnu++20";
				CLANG_ENABLE_MODULES = YES;
				CLANG_ENABLE_OBJC_ARC = YES;
				CLANG_ENABLE_OBJC_WEAK = YES;
				CLANG_WARN_BLOCK_CAPTURE_AUTORELEASING = YES;
				CLANG_WARN_BOOL_CONVERSION = YES;
				CLANG_WARN_COMMA = YES;
				CLANG_WARN_CONSTANT_CONVERSION = YES;
				CLANG_WARN_DEPRECATED_OBJC_IMPLEMENTATIONS = YES;
				CLANG_WARN_DIRECT_OBJC_ISA_USAGE = YES_ERROR;
				CLANG_WARN_DOCUMENTATION_COMMENTS = YES;
				CLANG_WARN_EMPTY_BODY = YES;
				CLANG_WARN_ENUM_CONVERSION = YES;
				CLANG_WARN_INFINITE_RECURSION = YES;
				CLANG_WARN_INT_CONVERSION = YES;
				CLANG_WARN_NON_LITERAL_NULL_CONVERSION = YES;
				CLANG_WARN_OBJC_IMPLICIT_RETAIN_SELF = YES;
				CLANG_WARN_OBJC_LITERAL_CONVERSION = YES;
				CLANG_WARN_OBJC_ROOT_CLASS = YES_ERROR;
				CLANG_WARN_QUOTED_INCLUDE_IN_FRAMEWORK_HEADER = YES;
				CLANG_WARN_RANGE_LOOP_ANALYSIS = YES;
				CLANG_WARN_STRICT_PROTOTYPES = YES;
				CLANG_WARN_SUSPICIOUS_MOVE = YES;
				CLANG_WARN_UNGUARDED_AVAILABILITY = YES_AGGRESSIVE;
				CLANG_WARN_UNREACHABLE_CODE = YES;
				CLANG_WARN__DUPLICATE_METHOD_MATCH = YES;
				COPY_PHASE_STRIP = NO;
				DEBUG_INFORMATION_FORMAT = dwarf;
				ENABLE_STRICT_OBJC_MSGSEND = YES;
				ENABLE_TESTABILITY = YES;
				ENABLE_USER_SCRIPT_SANDBOXING = YES;
				GCC_C_LANGUAGE_STANDARD = gnu17;
				GCC_DYNAMIC_NO_PIC = NO;
				GCC_NO_COMMON_BLOCKS = YES;
				GCC_OPTIMIZATION_LEVEL = 0;
				GCC_PREPROCESSOR_DEFINITIONS = (
					"DEBUG=1",
					"$(inherited)",
				);
				GCC_WARN_64_TO_32_BIT_CONVERSION = YES;
				GCC_WARN_ABOUT_RETURN_TYPE = YES_ERROR;
				GCC_WARN_UNDECLARED_SELECTOR = YES;
				GCC_WARN_UNINITIALIZED_AUTOS = YES_AGGRESSIVE;
				GCC_WARN_UNUSED_FUNCTION = YES;
				GCC_WARN_UNUSED_VARIABLE = YES;
				IPHONEOS_DEPLOYMENT_TARGET = 17.0;
				LOCALIZATION_PREFERS_STRING_CATALOGS = YES;
				MTL_ENABLE_DEBUG_INFO = INCLUDE_SOURCE;
				MTL_FAST_MATH = YES;
				ONLY_ACTIVE_ARCH = YES;
				SDKROOT = iphoneos;
				SWIFT_ACTIVE_COMPILATION_CONDITIONS = "DEBUG $(inherited)";
				SWIFT_OPTIMIZATION_LEVEL = "-Onone";
			};
			name = Debug;
		};
		C5FB89C82AE2195E0055AD0E /* Release */ = {
			isa = XCBuildConfiguration;
			buildSettings = {
				ALWAYS_SEARCH_USER_PATHS = NO;
				ASSETCATALOG_COMPILER_GENERATE_SWIFT_ASSET_SYMBOL_EXTENSIONS = YES;
				CLANG_ANALYZER_NONNULL = YES;
				CLANG_ANALYZER_NUMBER_OBJECT_CONVERSION = YES_AGGRESSIVE;
				CLANG_CXX_LANGUAGE_STANDARD = "gnu++20";
				CLANG_ENABLE_MODULES = YES;
				CLANG_ENABLE_OBJC_ARC = YES;
				CLANG_ENABLE_OBJC_WEAK = YES;
				CLANG_WARN_BLOCK_CAPTURE_AUTORELEASING = YES;
				CLANG_WARN_BOOL_CONVERSION = YES;
				CLANG_WARN_COMMA = YES;
				CLANG_WARN_CONSTANT_CONVERSION = YES;
				CLANG_WARN_DEPRECATED_OBJC_IMPLEMENTATIONS = YES;
				CLANG_WARN_DIRECT_OBJC_ISA_USAGE = YES_ERROR;
				CLANG_WARN_DOCUMENTATION_COMMENTS = YES;
				CLANG_WARN_EMPTY_BODY = YES;
				CLANG_WARN_ENUM_CONVERSION = YES;
				CLANG_WARN_INFINITE_RECURSION = YES;
				CLANG_WARN_INT_CONVERSION = YES;
				CLANG_WARN_NON_LITERAL_NULL_CONVERSION = YES;
				CLANG_WARN_OBJC_IMPLICIT_RETAIN_SELF = YES;
				CLANG_WARN_OBJC_LITERAL_CONVERSION = YES;
				CLANG_WARN_OBJC_ROOT_CLASS = YES_ERROR;
				CLANG_WARN_QUOTED_INCLUDE_IN_FRAMEWORK_HEADER = YES;
				CLANG_WARN_RANGE_LOOP_ANALYSIS = YES;
				CLANG_WARN_STRICT_PROTOTYPES = YES;
				CLANG_WARN_SUSPICIOUS_MOVE = YES;
				CLANG_WARN_UNGUARDED_AVAILABILITY = YES_AGGRESSIVE;
				CLANG_WARN_UNREACHABLE_CODE = YES;
				CLANG_WARN__DUPLICATE_METHOD_MATCH = YES;
				COPY_PHASE_STRIP = NO;
				DEBUG_INFORMATION_FORMAT = "dwarf-with-dsym";
				ENABLE_NS_ASSERTIONS = NO;
				ENABLE_STRICT_OBJC_MSGSEND = YES;
				ENABLE_USER_SCRIPT_SANDBOXING = YES;
				GCC_C_LANGUAGE_STANDARD = gnu17;
				GCC_NO_COMMON_BLOCKS = YES;
				GCC_WARN_64_TO_32_BIT_CONVERSION = YES;
				GCC_WARN_ABOUT_RETURN_TYPE = YES_ERROR;
				GCC_WARN_UNDECLARED_SELECTOR = YES;
				GCC_WARN_UNINITIALIZED_AUTOS = YES_AGGRESSIVE;
				GCC_WARN_UNUSED_FUNCTION = YES;
				GCC_WARN_UNUSED_VARIABLE = YES;
				IPHONEOS_DEPLOYMENT_TARGET = 17.0;
				LOCALIZATION_PREFERS_STRING_CATALOGS = YES;
				MTL_ENABLE_DEBUG_INFO = NO;
				MTL_FAST_MATH = YES;
				SDKROOT = iphoneos;
				SWIFT_COMPILATION_MODE = wholemodule;
				VALIDATE_PRODUCT = YES;
			};
			name = Release;
		};
		C5FB89CA2AE2195E0055AD0E /* Debug */ = {
			isa = XCBuildConfiguration;
			buildSettings = {
				ASSETCATALOG_COMPILER_APPICON_NAME = AppIcon;
				ASSETCATALOG_COMPILER_GLOBAL_ACCENT_COLOR_NAME = AccentColor;
				CODE_SIGN_STYLE = Automatic;
				CURRENT_PROJECT_VERSION = 1;
				DEVELOPMENT_TEAM = DWNX563SG6;
				GENERATE_INFOPLIST_FILE = YES;
				INFOPLIST_FILE = Fakegram/Info.plist;
				INFOPLIST_KEY_UIApplicationSupportsIndirectInputEvents = YES;
				INFOPLIST_KEY_UILaunchStoryboardName = LaunchScreen;
				INFOPLIST_KEY_UIMainStoryboardFile = "";
				INFOPLIST_KEY_UISupportedInterfaceOrientations_iPad = "UIInterfaceOrientationPortrait UIInterfaceOrientationPortraitUpsideDown UIInterfaceOrientationLandscapeLeft UIInterfaceOrientationLandscapeRight";
				INFOPLIST_KEY_UISupportedInterfaceOrientations_iPhone = "UIInterfaceOrientationPortrait UIInterfaceOrientationLandscapeLeft UIInterfaceOrientationLandscapeRight";
				LD_RUNPATH_SEARCH_PATHS = (
					"$(inherited)",
					"@executable_path/Frameworks",
				);
				MARKETING_VERSION = 1.0;
				PRODUCT_BUNDLE_IDENTIFIER = com.yurastico.Fakegram;
				PRODUCT_NAME = "$(TARGET_NAME)";
				SWIFT_EMIT_LOC_STRINGS = YES;
				SWIFT_VERSION = 5.0;
				TARGETED_DEVICE_FAMILY = "1,2";
			};
			name = Debug;
		};
		C5FB89CB2AE2195E0055AD0E /* Release */ = {
			isa = XCBuildConfiguration;
			buildSettings = {
				ASSETCATALOG_COMPILER_APPICON_NAME = AppIcon;
				ASSETCATALOG_COMPILER_GLOBAL_ACCENT_COLOR_NAME = AccentColor;
				CODE_SIGN_STYLE = Automatic;
				CURRENT_PROJECT_VERSION = 1;
				DEVELOPMENT_TEAM = DWNX563SG6;
				GENERATE_INFOPLIST_FILE = YES;
				INFOPLIST_FILE = Fakegram/Info.plist;
				INFOPLIST_KEY_UIApplicationSupportsIndirectInputEvents = YES;
				INFOPLIST_KEY_UILaunchStoryboardName = LaunchScreen;
				INFOPLIST_KEY_UIMainStoryboardFile = "";
				INFOPLIST_KEY_UISupportedInterfaceOrientations_iPad = "UIInterfaceOrientationPortrait UIInterfaceOrientationPortraitUpsideDown UIInterfaceOrientationLandscapeLeft UIInterfaceOrientationLandscapeRight";
				INFOPLIST_KEY_UISupportedInterfaceOrientations_iPhone = "UIInterfaceOrientationPortrait UIInterfaceOrientationLandscapeLeft UIInterfaceOrientationLandscapeRight";
				LD_RUNPATH_SEARCH_PATHS = (
					"$(inherited)",
					"@executable_path/Frameworks",
				);
				MARKETING_VERSION = 1.0;
				PRODUCT_BUNDLE_IDENTIFIER = com.yurastico.Fakegram;
				PRODUCT_NAME = "$(TARGET_NAME)";
				SWIFT_EMIT_LOC_STRINGS = YES;
				SWIFT_VERSION = 5.0;
				TARGETED_DEVICE_FAMILY = "1,2";
			};
			name = Release;
		};
/* End XCBuildConfiguration section */

/* Begin XCConfigurationList section */
		C5FB89B02AE2195D0055AD0E /* Build configuration list for PBXProject "Fakegram" */ = {
			isa = XCConfigurationList;
			buildConfigurations = (
				C5FB89C72AE2195E0055AD0E /* Debug */,
				C5FB89C82AE2195E0055AD0E /* Release */,
			);
			defaultConfigurationIsVisible = 0;
			defaultConfigurationName = Release;
		};
		C5FB89C92AE2195E0055AD0E /* Build configuration list for PBXNativeTarget "Fakegram" */ = {
			isa = XCConfigurationList;
			buildConfigurations = (
				C5FB89CA2AE2195E0055AD0E /* Debug */,
				C5FB89CB2AE2195E0055AD0E /* Release */,
			);
			defaultConfigurationIsVisible = 0;
			defaultConfigurationName = Release;
		};
/* End XCConfigurationList section */
	};
	rootObject = C5FB89AD2AE2195D0055AD0E /* Project object */;
}
